
Microsoft Visual Studio Solution File, Format Version 12.00
# Visual Studio Version 16
VisualStudioVersion = 16.0.29613.14
MinimumVisualStudioVersion = 10.0.40219.1
Project("{9A19103F-16F7-4668-BE54-9A1E7A4F7556}") = "AzureADAPI", "AzureADAPI\AzureADAPI.csproj", "{ACC05380-441C-408E-B05F-26F26B3F9063}"
EndProject
Project("{E24C65DC-7377-472B-9ABA-BC803B73C61A}") = "AngularApp", "AngularApp\", "{66D1644E-96FA-4BEA-8B8C-C447CF80CCCF}"
	ProjectSection(WebsiteProperties) = preProject
		TargetFrameworkMoniker = ".NETFramework,Version%3Dv4.0"
		Debug.AspNetCompiler.VirtualPath = "/localhost_60193"
		Debug.AspNetCompiler.PhysicalPath = "AngularApp\"
		Debug.AspNetCompiler.TargetPath = "PrecompiledWeb\localhost_60193\"
		Debug.AspNetCompiler.Updateable = "true"
		Debug.AspNetCompiler.ForceOverwrite = "true"
		Debug.AspNetCompiler.FixedNames = "false"
		Debug.AspNetCompiler.Debug = "True"
		Release.AspNetCompiler.VirtualPath = "/localhost_60193"
		Release.AspNetCompiler.PhysicalPath = "AngularApp\"
		Release.AspNetCompiler.TargetPath = "PrecompiledWeb\localhost_60193\"
		Release.AspNetCompiler.Updateable = "true"
		Release.AspNetCompiler.ForceOverwrite = "true"
		Release.AspNetCompiler.FixedNames = "false"
		Release.AspNetCompiler.Debug = "False"
		VWDPort = "60193"
		SlnRelativePath = "AngularApp\"
	EndProjectSection
EndProject
Global
	GlobalSection(SolutionConfigurationPlatforms) = preSolution
		Debug|Any CPU = Debug|Any CPU
		Release|Any CPU = Release|Any CPU
	EndGlobalSection
	GlobalSection(ProjectConfigurationPlatforms) = postSolution
		{ACC05380-441C-408E-B05F-26F26B3F9063}.Debug|Any CPU.ActiveCfg = Debug|Any CPU
		{ACC05380-441C-408E-B05F-26F26B3F9063}.Debug|Any CPU.Build.0 = Debug|Any CPU
		{ACC05380-441C-408E-B05F-26F26B3F9063}.Release|Any CPU.ActiveCfg = Release|Any CPU
		{ACC05380-441C-408E-B05F-26F26B3F9063}.Release|Any CPU.Build.0 = Release|Any CPU
		{66D1644E-96FA-4BEA-8B8C-C447CF80CCCF}.Debug|Any CPU.ActiveCfg = Debug|Any CPU
		{66D1644E-96FA-4BEA-8B8C-C447CF80CCCF}.Debug|Any CPU.Build.0 = Debug|Any CPU
		{66D1644E-96FA-4BEA-8B8C-C447CF80CCCF}.Release|Any CPU.ActiveCfg = Debug|Any CPU
		{66D1644E-96FA-4BEA-8B8C-C447CF80CCCF}.Release|Any CPU.Build.0 = Debug|Any CPU
	EndGlobalSection
	GlobalSection(SolutionProperties) = preSolution
		HideSolutionNode = FALSE
	EndGlobalSection
	GlobalSection(ExtensibilityGlobals) = postSolution
		SolutionGuid = {82275E36-22A9-486B-8589-A14CDF59B3A6}
	EndGlobalSection
EndGlobal
